
Microsoft Visual Studio Solution File, Format Version 12.00
# Visual Studio Version 17
VisualStudioVersion = 17.9.34526.213
MinimumVisualStudioVersion = 10.0.40219.1
Project("{9A19103F-16F7-4668-BE54-9A1E7A4F7556}") = "CalculateStudentGrades_P1", "CalculateStudentGrades_P1\CalculateStudentGrades_P1.csproj", "{9724094A-6E1A-47BF-84EA-99893F67F546}"
EndProject
Project("{FAE04EC0-301F-11D3-BF4B-00C04F79EFBC}") = "CalculateStudentGrades_P2", "CalculateStudentGrades_P2\CalculateStudentGrades_P2.csproj", "{DC12F2A7-6ADB-4EFA-9A62-96E4E8087DEC}"
EndProject
Project("{FAE04EC0-301F-11D3-BF4B-00C04F79EFBC}") = "CoinFlipChallenge", "CoinFlipChallenge\CoinFlipChallenge.csproj", "{82E5E98D-6B7B-41C8-9BBE-151B3E0F68A1}"
EndProject
Project("{FAE04EC0-301F-11D3-BF4B-00C04F79EFBC}") = "FizzBuzzChallenge", "FizzBuzzChallenge\FizzBuzzChallenge.csproj", "{CFC9B56D-3A78-4D4D-84FE-EF8B5A4B6F6F}"
EndProject
Project("{FAE04EC0-301F-11D3-BF4B-00C04F79EFBC}") = "PermissionsExercise", "PermissionsExercise\PermissionsExercise.csproj", "{C9D584B5-5CFE-4601-BE1B-27FF0BC93EDF}"
EndProject
Project("{FAE04EC0-301F-11D3-BF4B-00C04F79EFBC}") = "ContosoPetsExercise", "ContosoPetsExercise\ContosoPetsExercise.csproj", "{5E6192BA-AE5D-46A7-8284-AAC5E6BF467E}"
EndProject
Global
	GlobalSection(SolutionConfigurationPlatforms) = preSolution
		Debug|Any CPU = Debug|Any CPU
		Release|Any CPU = Release|Any CPU
	EndGlobalSection
	GlobalSection(ProjectConfigurationPlatforms) = postSolution
		{9724094A-6E1A-47BF-84EA-99893F67F546}.Debug|Any CPU.ActiveCfg = Debug|Any CPU
		{9724094A-6E1A-47BF-84EA-99893F67F546}.Debug|Any CPU.Build.0 = Debug|Any CPU
		{9724094A-6E1A-47BF-84EA-99893F67F546}.Release|Any CPU.ActiveCfg = Release|Any CPU
		{9724094A-6E1A-47BF-84EA-99893F67F546}.Release|Any CPU.Build.0 = Release|Any CPU
		{DC12F2A7-6ADB-4EFA-9A62-96E4E8087DEC}.Debug|Any CPU.ActiveCfg = Debug|Any CPU
		{DC12F2A7-6ADB-4EFA-9A62-96E4E8087DEC}.Debug|Any CPU.Build.0 = Debug|Any CPU
		{DC12F2A7-6ADB-4EFA-9A62-96E4E8087DEC}.Release|Any CPU.ActiveCfg = Release|Any CPU
		{DC12F2A7-6ADB-4EFA-9A62-96E4E8087DEC}.Release|Any CPU.Build.0 = Release|Any CPU
		{82E5E98D-6B7B-41C8-9BBE-151B3E0F68A1}.Debug|Any CPU.ActiveCfg = Debug|Any CPU
		{82E5E98D-6B7B-41C8-9BBE-151B3E0F68A1}.Debug|Any CPU.Build.0 = Debug|Any CPU
		{82E5E98D-6B7B-41C8-9BBE-151B3E0F68A1}.Release|Any CPU.ActiveCfg = Release|Any CPU
		{82E5E98D-6B7B-41C8-9BBE-151B3E0F68A1}.Release|Any CPU.Build.0 = Release|Any CPU
		{CFC9B56D-3A78-4D4D-84FE-EF8B5A4B6F6F}.Debug|Any CPU.ActiveCfg = Debug|Any CPU
		{CFC9B56D-3A78-4D4D-84FE-EF8B5A4B6F6F}.Debug|Any CPU.Build.0 = Debug|Any CPU
		{CFC9B56D-3A78-4D4D-84FE-EF8B5A4B6F6F}.Release|Any CPU.ActiveCfg = Release|Any CPU
		{CFC9B56D-3A78-4D4D-84FE-EF8B5A4B6F6F}.Release|Any CPU.Build.0 = Release|Any CPU
		{C9D584B5-5CFE-4601-BE1B-27FF0BC93EDF}.Debug|Any CPU.ActiveCfg = Debug|Any CPU
		{C9D584B5-5CFE-4601-BE1B-27FF0BC93EDF}.Debug|Any CPU.Build.0 = Debug|Any CPU
		{C9D584B5-5CFE-4601-BE1B-27FF0BC93EDF}.Release|Any CPU.ActiveCfg = Release|Any CPU
		{C9D584B5-5CFE-4601-BE1B-27FF0BC93EDF}.Release|Any CPU.Build.0 = Release|Any CPU
		{5E6192BA-AE5D-46A7-8284-AAC5E6BF467E}.Debug|Any CPU.ActiveCfg = Debug|Any CPU
		{5E6192BA-AE5D-46A7-8284-AAC5E6BF467E}.Debug|Any CPU.Build.0 = Debug|Any CPU
		{5E6192BA-AE5D-46A7-8284-AAC5E6BF467E}.Release|Any CPU.ActiveCfg = Release|Any CPU
		{5E6192BA-AE5D-46A7-8284-AAC5E6BF467E}.Release|Any CPU.Build.0 = Release|Any CPU
	EndGlobalSection
	GlobalSection(SolutionProperties) = preSolution
		HideSolutionNode = FALSE
	EndGlobalSection
	GlobalSection(ExtensibilityGlobals) = postSolution
		SolutionGuid = {1F03973A-ABCB-4782-AA32-B8932FB95799}
	EndGlobalSection
EndGlobal
